
Microsoft Visual Studio Solution File, Format Version 12.00
# Visual Studio Version 16
VisualStudioVersion = 16.0.30406.217
MinimumVisualStudioVersion = 10.0.40219.1
Project("{FAE04EC0-301F-11D3-BF4B-00C04F79EFBC}") = "MyDictionary", "MyDictionary\MyDictionary.csproj", "{FAEDF2FD-DC72-4041-9C7A-02C758877F14}"
EndProject
Global
	GlobalSection(SolutionConfigurationPlatforms) = preSolution
		Debug|Any CPU = Debug|Any CPU
		Release|Any CPU = Release|Any CPU
	EndGlobalSection
	GlobalSection(ProjectConfigurationPlatforms) = postSolution
		{FAEDF2FD-DC72-4041-9C7A-02C758877F14}.Debug|Any CPU.ActiveCfg = Debug|Any CPU
		{FAEDF2FD-DC72-4041-9C7A-02C758877F14}.Debug|Any CPU.Build.0 = Debug|Any CPU
		{FAEDF2FD-DC72-4041-9C7A-02C758877F14}.Release|Any CPU.ActiveCfg = Release|Any CPU
		{FAEDF2FD-DC72-4041-9C7A-02C758877F14}.Release|Any CPU.Build.0 = Release|Any CPU
	EndGlobalSection
	GlobalSection(SolutionProperties) = preSolution
		HideSolutionNode = FALSE
	EndGlobalSection
	GlobalSection(ExtensibilityGlobals) = postSolution
		SolutionGuid = {23734B16-7E98-40ED-8EC4-7AA8F9F5C964}
	EndGlobalSection
EndGlobal
